// !$*UTF8*$!
{
	archiveVersion = 1;
	classes = {
	};
	objectVersion = 77;
	objects = {

/* Begin PBXContainerItemProxy section */
		641272662D622F4700D7797B /* PBXContainerItemProxy */ = {
			isa = PBXContainerItemProxy;
			containerPortal = 6412724D2D622F4400D7797B /* Project object */;
			proxyType = 1;
			remoteGlobalIDString = 641272542D622F4400D7797B;
			remoteInfo = "otus-ios-hw-7";
		};
		641272702D622F4700D7797B /* PBXContainerItemProxy */ = {
			isa = PBXContainerItemProxy;
			containerPortal = 6412724D2D622F4400D7797B /* Project object */;
			proxyType = 1;
			remoteGlobalIDString = 641272542D622F4400D7797B;
			remoteInfo = "otus-ios-hw-7";
		};
/* End PBXContainerItemProxy section */

/* Begin PBXFileReference section */
		641272552D622F4400D7797B /* otus-ios-hw-7.app */ = {isa = PBXFileReference; explicitFileType = wrapper.application; includeInIndex = 0; path = "otus-ios-hw-7.app"; sourceTree = BUILT_PRODUCTS_DIR; };
		641272652D622F4700D7797B /* otus-ios-hw-7Tests.xctest */ = {isa = PBXFileReference; explicitFileType = wrapper.cfbundle; includeInIndex = 0; path = "otus-ios-hw-7Tests.xctest"; sourceTree = BUILT_PRODUCTS_DIR; };
		6412726F2D622F4700D7797B /* otus-ios-hw-7UITests.xctest */ = {isa = PBXFileReference; explicitFileType = wrapper.cfbundle; includeInIndex = 0; path = "otus-ios-hw-7UITests.xctest"; sourceTree = BUILT_PRODUCTS_DIR; };
/* End PBXFileReference section */

/* Begin PBXFileSystemSynchronizedRootGroup section */
		641272572D622F4400D7797B /* otus-ios-hw-7 */ = {
			isa = PBXFileSystemSynchronizedRootGroup;
			path = "otus-ios-hw-7";
			sourceTree = "<group>";
		};
		641272682D622F4700D7797B /* otus-ios-hw-7Tests */ = {
			isa = PBXFileSystemSynchronizedRootGroup;
			path = "otus-ios-hw-7Tests";
			sourceTree = "<group>";
		};
		641272722D622F4700D7797B /* otus-ios-hw-7UITests */ = {
			isa = PBXFileSystemSynchronizedRootGroup;
			path = "otus-ios-hw-7UITests";
			sourceTree = "<group>";
		};
/* End PBXFileSystemSynchronizedRootGroup section */

/* Begin PBXFrameworksBuildPhase section */
		641272522D622F4400D7797B /* Frameworks */ = {
			isa = PBXFrameworksBuildPhase;
			buildActionMask = 2147483647;
			files = (
			);
			runOnlyForDeploymentPostprocessing = 0;
		};
		641272622D622F4700D7797B /* Frameworks */ = {
			isa = PBXFrameworksBuildPhase;
			buildActionMask = 2147483647;
			files = (
			);
			runOnlyForDeploymentPostprocessing = 0;
		};
		6412726C2D622F4700D7797B /* Frameworks */ = {
			isa = PBXFrameworksBuildPhase;
			buildActionMask = 2147483647;
			files = (
			);
			runOnlyForDeploymentPostprocessing = 0;
		};
/* End PBXFrameworksBuildPhase section */

/* Begin PBXGroup section */
		6412724C2D622F4400D7797B = {
			isa = PBXGroup;
			children = (
				641272572D622F4400D7797B /* otus-ios-hw-7 */,
				641272682D622F4700D7797B /* otus-ios-hw-7Tests */,
				641272722D622F4700D7797B /* otus-ios-hw-7UITests */,
				641272562D622F4400D7797B /* Products */,
			);
			sourceTree = "<group>";
		};
		641272562D622F4400D7797B /* Products */ = {
			isa = PBXGroup;
			children = (
				641272552D622F4400D7797B /* otus-ios-hw-7.app */,
				641272652D622F4700D7797B /* otus-ios-hw-7Tests.xctest */,
				6412726F2D622F4700D7797B /* otus-ios-hw-7UITests.xctest */,
			);
			name = Products;
			sourceTree = "<group>";
		};
/* End PBXGroup section */

/* Begin PBXNativeTarget section */
		641272542D622F4400D7797B /* otus-ios-hw-7 */ = {
			isa = PBXNativeTarget;
			buildConfigurationList = 641272792D622F4700D7797B /* Build configuration list for PBXNativeTarget "otus-ios-hw-7" */;
			buildPhases = (
				641272512D622F4400D7797B /* Sources */,
				641272522D622F4400D7797B /* Frameworks */,
				641272532D622F4400D7797B /* Resources */,
			);
			buildRules = (
			);
			dependencies = (
			);
			fileSystemSynchronizedGroups = (
				641272572D622F4400D7797B /* otus-ios-hw-7 */,
			);
			name = "otus-ios-hw-7";
			packageProductDependencies = (
			);
			productName = "otus-ios-hw-7";
			productReference = 641272552D622F4400D7797B /* otus-ios-hw-7.app */;
			productType = "com.apple.product-type.application";
		};
		641272642D622F4700D7797B /* otus-ios-hw-7Tests */ = {
			isa = PBXNativeTarget;
			buildConfigurationList = 6412727C2D622F4800D7797B /* Build configuration list for PBXNativeTarget "otus-ios-hw-7Tests" */;
			buildPhases = (
				641272612D622F4700D7797B /* Sources */,
				641272622D622F4700D7797B /* Frameworks */,
				641272632D622F4700D7797B /* Resources */,
			);
			buildRules = (
			);
			dependencies = (
				641272672D622F4700D7797B /* PBXTargetDependency */,
			);
			fileSystemSynchronizedGroups = (
				641272682D622F4700D7797B /* otus-ios-hw-7Tests */,
			);
			name = "otus-ios-hw-7Tests";
			packageProductDependencies = (
			);
			productName = "otus-ios-hw-7Tests";
			productReference = 641272652D622F4700D7797B /* otus-ios-hw-7Tests.xctest */;
			productType = "com.apple.product-type.bundle.unit-test";
		};
		6412726E2D622F4700D7797B /* otus-ios-hw-7UITests */ = {
			isa = PBXNativeTarget;
			buildConfigurationList = 6412727F2D622F4800D7797B /* Build configuration list for PBXNativeTarget "otus-ios-hw-7UITests" */;
			buildPhases = (
				6412726B2D622F4700D7797B /* Sources */,
				6412726C2D622F4700D7797B /* Frameworks */,
				6412726D2D622F4700D7797B /* Resources */,
			);
			buildRules = (
			);
			dependencies = (
				641272712D622F4700D7797B /* PBXTargetDependency */,
			);
			fileSystemSynchronizedGroups = (
				641272722D622F4700D7797B /* otus-ios-hw-7UITests */,
			);
			name = "otus-ios-hw-7UITests";
			packageProductDependencies = (
			);
			productName = "otus-ios-hw-7UITests";
			productReference = 6412726F2D622F4700D7797B /* otus-ios-hw-7UITests.xctest */;
			productType = "com.apple.product-type.bundle.ui-testing";
		};
/* End PBXNativeTarget section */

/* Begin PBXProject section */
		6412724D2D622F4400D7797B /* Project object */ = {
			isa = PBXProject;
			attributes = {
				BuildIndependentTargetsInParallel = 1;
				LastSwiftUpdateCheck = 1620;
				LastUpgradeCheck = 1620;
				TargetAttributes = {
					641272542D622F4400D7797B = {
						CreatedOnToolsVersion = 16.2;
					};
					641272642D622F4700D7797B = {
						CreatedOnToolsVersion = 16.2;
						TestTargetID = 641272542D622F4400D7797B;
					};
					6412726E2D622F4700D7797B = {
						CreatedOnToolsVersion = 16.2;
						TestTargetID = 641272542D622F4400D7797B;
					};
				};
			};
			buildConfigurationList = 641272502D622F4400D7797B /* Build configuration list for PBXProject "otus-ios-hw-7" */;
			developmentRegion = en;
			hasScannedForEncodings = 0;
			knownRegions = (
				en,
				Base,
			);
			mainGroup = 6412724C2D622F4400D7797B;
			minimizedProjectReferenceProxies = 1;
			preferredProjectObjectVersion = 77;
			productRefGroup = 641272562D622F4400D7797B /* Products */;
			projectDirPath = "";
			projectRoot = "";
			targets = (
				641272542D622F4400D7797B /* otus-ios-hw-7 */,
				641272642D622F4700D7797B /* otus-ios-hw-7Tests */,
				6412726E2D622F4700D7797B /* otus-ios-hw-7UITests */,
			);
		};
/* End PBXProject section */

/* Begin PBXResourcesBuildPhase section */
		641272532D622F4400D7797B /* Resources */ = {
			isa = PBXResourcesBuildPhase;
			buildActionMask = 2147483647;
			files = (
			);
			runOnlyForDeploymentPostprocessing = 0;
		};
		641272632D622F4700D7797B /* Resources */ = {
			isa = PBXResourcesBuildPhase;
			buildActionMask = 2147483647;
			files = (
			);
			runOnlyForDeploymentPostprocessing = 0;
		};
		6412726D2D622F4700D7797B /* Resources */ = {
			isa = PBXResourcesBuildPhase;
			buildActionMask = 2147483647;
			files = (
			);
			runOnlyForDeploymentPostprocessing = 0;
		};
/* End PBXResourcesBuildPhase section */

/* Begin PBXSourcesBuildPhase section */
		641272512D622F4400D7797B /* Sources */ = {
			isa = PBXSourcesBuildPhase;
			buildActionMask = 2147483647;
			files = (
			);
			runOnlyForDeploymentPostprocessing = 0;
		};
		641272612D622F4700D7797B /* Sources */ = {
			isa = PBXSourcesBuildPhase;
			buildActionMask = 2147483647;
			files = (
			);
			runOnlyForDeploymentPostprocessing = 0;
		};
		6412726B2D622F4700D7797B /* Sources */ = {
			isa = PBXSourcesBuildPhase;
			buildActionMask = 2147483647;
			files = (
			);
			runOnlyForDeploymentPostprocessing = 0;
		};
/* End PBXSourcesBuildPhase section */

/* Begin PBXTargetDependency section */
		641272672D622F4700D7797B /* PBXTargetDependency */ = {
			isa = PBXTargetDependency;
			target = 641272542D622F4400D7797B /* otus-ios-hw-7 */;
			targetProxy = 641272662D622F4700D7797B /* PBXContainerItemProxy */;
		};
		641272712D622F4700D7797B /* PBXTargetDependency */ = {
			isa = PBXTargetDependency;
			target = 641272542D622F4400D7797B /* otus-ios-hw-7 */;
			targetProxy = 641272702D622F4700D7797B /* PBXContainerItemProxy */;
		};
/* End PBXTargetDependency section */

/* Begin XCBuildConfiguration section */
		641272772D622F4700D7797B /* Debug */ = {
			isa = XCBuildConfiguration;
			buildSettings = {
				ALWAYS_SEARCH_USER_PATHS = NO;
				ASSETCATALOG_COMPILER_GENERATE_SWIFT_ASSET_SYMBOL_EXTENSIONS = YES;
				CLANG_ANALYZER_NONNULL = YES;
				CLANG_ANALYZER_NUMBER_OBJECT_CONVERSION = YES_AGGRESSIVE;
				CLANG_CXX_LANGUAGE_STANDARD = "gnu++20";
				CLANG_ENABLE_MODULES = YES;
				CLANG_ENABLE_OBJC_ARC = YES;
				CLANG_ENABLE_OBJC_WEAK = YES;
				CLANG_WARN_BLOCK_CAPTURE_AUTORELEASING = YES;
				CLANG_WARN_BOOL_CONVERSION = YES;
				CLANG_WARN_COMMA = YES;
				CLANG_WARN_CONSTANT_CONVERSION = YES;
				CLANG_WARN_DEPRECATED_OBJC_IMPLEMENTATIONS = YES;
				CLANG_WARN_DIRECT_OBJC_ISA_USAGE = YES_ERROR;
				CLANG_WARN_DOCUMENTATION_COMMENTS = YES;
				CLANG_WARN_EMPTY_BODY = YES;
				CLANG_WARN_ENUM_CONVERSION = YES;
				CLANG_WARN_INFINITE_RECURSION = YES;
				CLANG_WARN_INT_CONVERSION = YES;
				CLANG_WARN_NON_LITERAL_NULL_CONVERSION = YES;
				CLANG_WARN_OBJC_IMPLICIT_RETAIN_SELF = YES;
				CLANG_WARN_OBJC_LITERAL_CONVERSION = YES;
				CLANG_WARN_OBJC_ROOT_CLASS = YES_ERROR;
				CLANG_WARN_QUOTED_INCLUDE_IN_FRAMEWORK_HEADER = YES;
				CLANG_WARN_RANGE_LOOP_ANALYSIS = YES;
				CLANG_WARN_STRICT_PROTOTYPES = YES;
				CLANG_WARN_SUSPICIOUS_MOVE = YES;
				CLANG_WARN_UNGUARDED_AVAILABILITY = YES_AGGRESSIVE;
				CLANG_WARN_UNREACHABLE_CODE = YES;
				CLANG_WARN__DUPLICATE_METHOD_MATCH = YES;
				COPY_PHASE_STRIP = NO;
				DEBUG_INFORMATION_FORMAT = dwarf;
				ENABLE_STRICT_OBJC_MSGSEND = YES;
				ENABLE_TESTABILITY = YES;
				ENABLE_USER_SCRIPT_SANDBOXING = YES;
				GCC_C_LANGUAGE_STANDARD = gnu17;
				GCC_DYNAMIC_NO_PIC = NO;
				GCC_NO_COMMON_BLOCKS = YES;
				GCC_OPTIMIZATION_LEVEL = 0;
				GCC_PREPROCESSOR_DEFINITIONS = (
					"DEBUG=1",
					"$(inherited)",
				);
				GCC_WARN_64_TO_32_BIT_CONVERSION = YES;
				GCC_WARN_ABOUT_RETURN_TYPE = YES_ERROR;
				GCC_WARN_UNDECLARED_SELECTOR = YES;
				GCC_WARN_UNINITIALIZED_AUTOS = YES_AGGRESSIVE;
				GCC_WARN_UNUSED_FUNCTION = YES;
				GCC_WARN_UNUSED_VARIABLE = YES;
				IPHONEOS_DEPLOYMENT_TARGET = 18.2;
				LOCALIZATION_PREFERS_STRING_CATALOGS = YES;
				MTL_ENABLE_DEBUG_INFO = INCLUDE_SOURCE;
				MTL_FAST_MATH = YES;
				ONLY_ACTIVE_ARCH = YES;
				SDKROOT = iphoneos;
				SWIFT_ACTIVE_COMPILATION_CONDITIONS = "DEBUG $(inherited)";
				SWIFT_OPTIMIZATION_LEVEL = "-Onone";
			};
			name = Debug;
		};
		641272782D622F4700D7797B /* Release */ = {
			isa = XCBuildConfiguration;
			buildSettings = {
				ALWAYS_SEARCH_USER_PATHS = NO;
				ASSETCATALOG_COMPILER_GENERATE_SWIFT_ASSET_SYMBOL_EXTENSIONS = YES;
				CLANG_ANALYZER_NONNULL = YES;
				CLANG_ANALYZER_NUMBER_OBJECT_CONVERSION = YES_AGGRESSIVE;
				CLANG_CXX_LANGUAGE_STANDARD = "gnu++20";
				CLANG_ENABLE_MODULES = YES;
				CLANG_ENABLE_OBJC_ARC = YES;
				CLANG_ENABLE_OBJC_WEAK = YES;
				CLANG_WARN_BLOCK_CAPTURE_AUTORELEASING = YES;
				CLANG_WARN_BOOL_CONVERSION = YES;
				CLANG_WARN_COMMA = YES;
				CLANG_WARN_CONSTANT_CONVERSION = YES;
				CLANG_WARN_DEPRECATED_OBJC_IMPLEMENTATIONS = YES;
				CLANG_WARN_DIRECT_OBJC_ISA_USAGE = YES_ERROR;
				CLANG_WARN_DOCUMENTATION_COMMENTS = YES;
				CLANG_WARN_EMPTY_BODY = YES;
				CLANG_WARN_ENUM_CONVERSION = YES;
				CLANG_WARN_INFINITE_RECURSION = YES;
				CLANG_WARN_INT_CONVERSION = YES;
				CLANG_WARN_NON_LITERAL_NULL_CONVERSION = YES;
				CLANG_WARN_OBJC_IMPLICIT_RETAIN_SELF = YES;
				CLANG_WARN_OBJC_LITERAL_CONVERSION = YES;
				CLANG_WARN_OBJC_ROOT_CLASS = YES_ERROR;
				CLANG_WARN_QUOTED_INCLUDE_IN_FRAMEWORK_HEADER = YES;
				CLANG_WARN_RANGE_LOOP_ANALYSIS = YES;
				CLANG_WARN_STRICT_PROTOTYPES = YES;
				CLANG_WARN_SUSPICIOUS_MOVE = YES;
				CLANG_WARN_UNGUARDED_AVAILABILITY = YES_AGGRESSIVE;
				CLANG_WARN_UNREACHABLE_CODE = YES;
				CLANG_WARN__DUPLICATE_METHOD_MATCH = YES;
				COPY_PHASE_STRIP = NO;
				DEBUG_INFORMATION_FORMAT = "dwarf-with-dsym";
				ENABLE_NS_ASSERTIONS = NO;
				ENABLE_STRICT_OBJC_MSGSEND = YES;
				ENABLE_USER_SCRIPT_SANDBOXING = YES;
				GCC_C_LANGUAGE_STANDARD = gnu17;
				GCC_NO_COMMON_BLOCKS = YES;
				GCC_WARN_64_TO_32_BIT_CONVERSION = YES;
				GCC_WARN_ABOUT_RETURN_TYPE = YES_ERROR;
				GCC_WARN_UNDECLARED_SELECTOR = YES;
				GCC_WARN_UNINITIALIZED_AUTOS = YES_AGGRESSIVE;
				GCC_WARN_UNUSED_FUNCTION = YES;
				GCC_WARN_UNUSED_VARIABLE = YES;
				IPHONEOS_DEPLOYMENT_TARGET = 18.2;
				LOCALIZATION_PREFERS_STRING_CATALOGS = YES;
				MTL_ENABLE_DEBUG_INFO = NO;
				MTL_FAST_MATH = YES;
				SDKROOT = iphoneos;
				SWIFT_COMPILATION_MODE = wholemodule;
				VALIDATE_PRODUCT = YES;
			};
			name = Release;
		};
		6412727A2D622F4700D7797B /* Debug */ = {
			isa = XCBuildConfiguration;
			buildSettings = {
				ASSETCATALOG_COMPILER_APPICON_NAME = AppIcon;
				ASSETCATALOG_COMPILER_GLOBAL_ACCENT_COLOR_NAME = AccentColor;
				CODE_SIGN_STYLE = Automatic;
				CURRENT_PROJECT_VERSION = 1;
				DEVELOPMENT_ASSET_PATHS = "\"otus-ios-hw-7/Preview Content\"";
				DEVELOPMENT_TEAM = V7VHP43NQH;
				ENABLE_PREVIEWS = YES;
				GENERATE_INFOPLIST_FILE = YES;
				INFOPLIST_KEY_NSCameraUsageDescription = "Для работы с камерой нужно разрешение";
				INFOPLIST_KEY_UIApplicationSceneManifest_Generation = YES;
				INFOPLIST_KEY_UIApplicationSupportsIndirectInputEvents = YES;
				INFOPLIST_KEY_UILaunchScreen_Generation = YES;
				INFOPLIST_KEY_UISupportedInterfaceOrientations_iPad = "UIInterfaceOrientationPortrait UIInterfaceOrientationPortraitUpsideDown UIInterfaceOrientationLandscapeLeft UIInterfaceOrientationLandscapeRight";
				INFOPLIST_KEY_UISupportedInterfaceOrientations_iPhone = "UIInterfaceOrientationPortrait UIInterfaceOrientationLandscapeLeft UIInterfaceOrientationLandscapeRight";
				LD_RUNPATH_SEARCH_PATHS = (
					"$(inherited)",
					"@executable_path/Frameworks",
				);
				MARKETING_VERSION = 1.0;
				PRODUCT_BUNDLE_IDENTIFIER = "com.tandyru.otus-ios-hw-7";
				PRODUCT_NAME = "$(TARGET_NAME)";
				SWIFT_EMIT_LOC_STRINGS = YES;
				SWIFT_VERSION = 5.0;
				TARGETED_DEVICE_FAMILY = "1,2";
			};
			name = Debug;
		};
		6412727B2D622F4700D7797B /* Release */ = {
			isa = XCBuildConfiguration;
			buildSettings = {
				ASSETCATALOG_COMPILER_APPICON_NAME = AppIcon;
				ASSETCATALOG_COMPILER_GLOBAL_ACCENT_COLOR_NAME = AccentColor;
				CODE_SIGN_STYLE = Automatic;
				CURRENT_PROJECT_VERSION = 1;
				DEVELOPMENT_ASSET_PATHS = "\"otus-ios-hw-7/Preview Content\"";
				DEVELOPMENT_TEAM = V7VHP43NQH;
				ENABLE_PREVIEWS = YES;
				GENERATE_INFOPLIST_FILE = YES;
				INFOPLIST_KEY_NSCameraUsageDescription = "Для работы с камерой нужно разрешение";
				INFOPLIST_KEY_UIApplicationSceneManifest_Generation = YES;
				INFOPLIST_KEY_UIApplicationSupportsIndirectInputEvents = YES;
				INFOPLIST_KEY_UILaunchScreen_Generation = YES;
				INFOPLIST_KEY_UISupportedInterfaceOrientations_iPad = "UIInterfaceOrientationPortrait UIInterfaceOrientationPortraitUpsideDown UIInterfaceOrientationLandscapeLeft UIInterfaceOrientationLandscapeRight";
				INFOPLIST_KEY_UISupportedInterfaceOrientations_iPhone = "UIInterfaceOrientationPortrait UIInterfaceOrientationLandscapeLeft UIInterfaceOrientationLandscapeRight";
				LD_RUNPATH_SEARCH_PATHS = (
					"$(inherited)",
					"@executable_path/Frameworks",
				);
				MARKETING_VERSION = 1.0;
				PRODUCT_BUNDLE_IDENTIFIER = "com.tandyru.otus-ios-hw-7";
				PRODUCT_NAME = "$(TARGET_NAME)";
				SWIFT_EMIT_LOC_STRINGS = YES;
				SWIFT_VERSION = 5.0;
				TARGETED_DEVICE_FAMILY = "1,2";
			};
			name = Release;
		};
		6412727D2D622F4800D7797B /* Debug */ = {
			isa = XCBuildConfiguration;
			buildSettings = {
				BUNDLE_LOADER = "$(TEST_HOST)";
				CODE_SIGN_STYLE = Automatic;
				CURRENT_PROJECT_VERSION = 1;
				DEVELOPMENT_TEAM = V7VHP43NQH;
				GENERATE_INFOPLIST_FILE = YES;
				IPHONEOS_DEPLOYMENT_TARGET = 18.2;
				MARKETING_VERSION = 1.0;
				PRODUCT_BUNDLE_IDENTIFIER = "com.tandyru.otus-ios-hw-7Tests";
				PRODUCT_NAME = "$(TARGET_NAME)";
				SWIFT_EMIT_LOC_STRINGS = NO;
				SWIFT_VERSION = 5.0;
				TARGETED_DEVICE_FAMILY = "1,2";
				TEST_HOST = "$(BUILT_PRODUCTS_DIR)/otus-ios-hw-7.app/$(BUNDLE_EXECUTABLE_FOLDER_PATH)/otus-ios-hw-7";
			};
			name = Debug;
		};
		6412727E2D622F4800D7797B /* Release */ = {
			isa = XCBuildConfiguration;
			buildSettings = {
				BUNDLE_LOADER = "$(TEST_HOST)";
				CODE_SIGN_STYLE = Automatic;
				CURRENT_PROJECT_VERSION = 1;
				DEVELOPMENT_TEAM = V7VHP43NQH;
				GENERATE_INFOPLIST_FILE = YES;
				IPHONEOS_DEPLOYMENT_TARGET = 18.2;
				MARKETING_VERSION = 1.0;
				PRODUCT_BUNDLE_IDENTIFIER = "com.tandyru.otus-ios-hw-7Tests";
				PRODUCT_NAME = "$(TARGET_NAME)";
				SWIFT_EMIT_LOC_STRINGS = NO;
				SWIFT_VERSION = 5.0;
				TARGETED_DEVICE_FAMILY = "1,2";
				TEST_HOST = "$(BUILT_PRODUCTS_DIR)/otus-ios-hw-7.app/$(BUNDLE_EXECUTABLE_FOLDER_PATH)/otus-ios-hw-7";
			};
			name = Release;
		};
		641272802D622F4800D7797B /* Debug */ = {
			isa = XCBuildConfiguration;
			buildSettings = {
				CODE_SIGN_STYLE = Automatic;
				CURRENT_PROJECT_VERSION = 1;
				DEVELOPMENT_TEAM = V7VHP43NQH;
				GENERATE_INFOPLIST_FILE = YES;
				MARKETING_VERSION = 1.0;
				PRODUCT_BUNDLE_IDENTIFIER = "com.tandyru.otus-ios-hw-7UITests";
				PRODUCT_NAME = "$(TARGET_NAME)";
				SWIFT_EMIT_LOC_STRINGS = NO;
				SWIFT_VERSION = 5.0;
				TARGETED_DEVICE_FAMILY = "1,2";
				TEST_TARGET_NAME = "otus-ios-hw-7";
			};
			name = Debug;
		};
		641272812D622F4800D7797B /* Release */ = {
			isa = XCBuildConfiguration;
			buildSettings = {
				CODE_SIGN_STYLE = Automatic;
				CURRENT_PROJECT_VERSION = 1;
				DEVELOPMENT_TEAM = V7VHP43NQH;
				GENERATE_INFOPLIST_FILE = YES;
				MARKETING_VERSION = 1.0;
				PRODUCT_BUNDLE_IDENTIFIER = "com.tandyru.otus-ios-hw-7UITests";
				PRODUCT_NAME = "$(TARGET_NAME)";
				SWIFT_EMIT_LOC_STRINGS = NO;
				SWIFT_VERSION = 5.0;
				TARGETED_DEVICE_FAMILY = "1,2";
				TEST_TARGET_NAME = "otus-ios-hw-7";
			};
			name = Release;
		};
/* End XCBuildConfiguration section */

/* Begin XCConfigurationList section */
		641272502D622F4400D7797B /* Build configuration list for PBXProject "otus-ios-hw-7" */ = {
			isa = XCConfigurationList;
			buildConfigurations = (
				641272772D622F4700D7797B /* Debug */,
				641272782D622F4700D7797B /* Release */,
			);
			defaultConfigurationIsVisible = 0;
			defaultConfigurationName = Release;
		};
		641272792D622F4700D7797B /* Build configuration list for PBXNativeTarget "otus-ios-hw-7" */ = {
			isa = XCConfigurationList;
			buildConfigurations = (
				6412727A2D622F4700D7797B /* Debug */,
				6412727B2D622F4700D7797B /* Release */,
			);
			defaultConfigurationIsVisible = 0;
			defaultConfigurationName = Release;
		};
		6412727C2D622F4800D7797B /* Build configuration list for PBXNativeTarget "otus-ios-hw-7Tests" */ = {
			isa = XCConfigurationList;
			buildConfigurations = (
				6412727D2D622F4800D7797B /* Debug */,
				6412727E2D622F4800D7797B /* Release */,
			);
			defaultConfigurationIsVisible = 0;
			defaultConfigurationName = Release;
		};
		6412727F2D622F4800D7797B /* Build configuration list for PBXNativeTarget "otus-ios-hw-7UITests" */ = {
			isa = XCConfigurationList;
			buildConfigurations = (
				641272802D622F4800D7797B /* Debug */,
				641272812D622F4800D7797B /* Release */,
			);
			defaultConfigurationIsVisible = 0;
			defaultConfigurationName = Release;
		};
/* End XCConfigurationList section */
	};
	rootObject = 6412724D2D622F4400D7797B /* Project object */;
}
