// !$*UTF8*$!
{
	archiveVersion = 1;
	classes = {
	};
	objectVersion = 77;
	objects = {

/* Begin PBXBuildFile section */
		64D406B52D573933001C1259 /* otus_ios_hw_6_share_ext.appex in Embed Foundation Extensions */ = {isa = PBXBuildFile; fileRef = 64D406AB2D573933001C1259 /* otus_ios_hw_6_share_ext.appex */; settings = {ATTRIBUTES = (RemoveHeadersOnCopy, ); }; };
/* End PBXBuildFile section */

/* Begin PBXContainerItemProxy section */
		643697912D45177200FE5041 /* PBXContainerItemProxy */ = {
			isa = PBXContainerItemProxy;
			containerPortal = 6483963F2D44EE1E00ACB859 /* Project object */;
			proxyType = 1;
			remoteGlobalIDString = 648396462D44EE1E00ACB859;
			remoteInfo = otus_ios_hw_5;
		};
		64D406B32D573933001C1259 /* PBXContainerItemProxy */ = {
			isa = PBXContainerItemProxy;
			containerPortal = 6483963F2D44EE1E00ACB859 /* Project object */;
			proxyType = 1;
			remoteGlobalIDString = 64D406AA2D573933001C1259;
			remoteInfo = otus_ios_hw_6_share_ext;
		};
/* End PBXContainerItemProxy section */

/* Begin PBXCopyFilesBuildPhase section */
		64D406BA2D573933001C1259 /* Embed Foundation Extensions */ = {
			isa = PBXCopyFilesBuildPhase;
			buildActionMask = 2147483647;
			dstPath = "";
			dstSubfolderSpec = 13;
			files = (
				64D406B52D573933001C1259 /* otus_ios_hw_6_share_ext.appex in Embed Foundation Extensions */,
			);
			name = "Embed Foundation Extensions";
			runOnlyForDeploymentPostprocessing = 0;
		};
/* End PBXCopyFilesBuildPhase section */

/* Begin PBXFileReference section */
		6436978D2D45177200FE5041 /* otus_ios_hw_6Tests.xctest */ = {isa = PBXFileReference; explicitFileType = wrapper.cfbundle; includeInIndex = 0; path = otus_ios_hw_6Tests.xctest; sourceTree = BUILT_PRODUCTS_DIR; };
		648396472D44EE1E00ACB859 /* otus_ios_hw_6.app */ = {isa = PBXFileReference; explicitFileType = wrapper.application; includeInIndex = 0; path = otus_ios_hw_6.app; sourceTree = BUILT_PRODUCTS_DIR; };
		64D406AB2D573933001C1259 /* otus_ios_hw_6_share_ext.appex */ = {isa = PBXFileReference; explicitFileType = "wrapper.app-extension"; includeInIndex = 0; path = otus_ios_hw_6_share_ext.appex; sourceTree = BUILT_PRODUCTS_DIR; };
/* End PBXFileReference section */

/* Begin PBXFileSystemSynchronizedBuildFileExceptionSet section */
		64D406A02D573460001C1259 /* Exceptions for "otus_ios_hw_6Tests" folder in "otus_ios_hw_6" target */ = {
			isa = PBXFileSystemSynchronizedBuildFileExceptionSet;
			membershipExceptions = (
				otus_ios_hw_6Tests.swift,
			);
			target = 648396462D44EE1E00ACB859 /* otus_ios_hw_6 */;
		};
		64D406A22D573471001C1259 /* Exceptions for "otus_ios_hw_6" folder in "otus_ios_hw_6Tests" target */ = {
			isa = PBXFileSystemSynchronizedBuildFileExceptionSet;
			membershipExceptions = (
				Assets.xcassets,
				ContentView.swift,
				JobQueue/Job.swift,
				otus_ios_hw_6App.swift,
				"Preview Content/Preview Assets.xcassets",
				SharedText.swift,
				Suffixes/SuffixesViewModel.swift,
				SuffixJobQueue/JobQueueSummaryView.swift,
				SuffixJobQueue/SuffixJob.swift,
				SuffixJobQueue/SuffixSequence.swift,
				SuffixJobQueue/TextSuffixesSaver.swift,
				SuffixJobQueue/WordIterator.swift,
			);
			target = 6436978C2D45177200FE5041 /* otus_ios_hw_6Tests */;
		};
		64D406B92D573933001C1259 /* Exceptions for "otus_ios_hw_6_share_ext" folder in "otus_ios_hw_6_share_ext" target */ = {
			isa = PBXFileSystemSynchronizedBuildFileExceptionSet;
			membershipExceptions = (
				Info.plist,
			);
			target = 64D406AA2D573933001C1259 /* otus_ios_hw_6_share_ext */;
		};
/* End PBXFileSystemSynchronizedBuildFileExceptionSet section */

/* Begin PBXFileSystemSynchronizedRootGroup section */
		64D4064F2D572F59001C1259 /* otus_ios_hw_6 */ = {
			isa = PBXFileSystemSynchronizedRootGroup;
			exceptions = (
				64D406A22D573471001C1259 /* Exceptions for "otus_ios_hw_6" folder in "otus_ios_hw_6Tests" target */,
			);
			path = otus_ios_hw_6;
			sourceTree = "<group>";
		};
		64D406572D572F59001C1259 /* otus_ios_hw_6Tests */ = {
			isa = PBXFileSystemSynchronizedRootGroup;
			exceptions = (
				64D406A02D573460001C1259 /* Exceptions for "otus_ios_hw_6Tests" folder in "otus_ios_hw_6" target */,
			);
			path = otus_ios_hw_6Tests;
			sourceTree = "<group>";
		};
		64D406AC2D573933001C1259 /* otus_ios_hw_6_share_ext */ = {
			isa = PBXFileSystemSynchronizedRootGroup;
			exceptions = (
				64D406B92D573933001C1259 /* Exceptions for "otus_ios_hw_6_share_ext" folder in "otus_ios_hw_6_share_ext" target */,
			);
			path = otus_ios_hw_6_share_ext;
			sourceTree = "<group>";
		};
/* End PBXFileSystemSynchronizedRootGroup section */

/* Begin PBXFrameworksBuildPhase section */
		6436978A2D45177200FE5041 /* Frameworks */ = {
			isa = PBXFrameworksBuildPhase;
			buildActionMask = 2147483647;
			files = (
			);
			runOnlyForDeploymentPostprocessing = 0;
		};
		648396442D44EE1E00ACB859 /* Frameworks */ = {
			isa = PBXFrameworksBuildPhase;
			buildActionMask = 2147483647;
			files = (
			);
			runOnlyForDeploymentPostprocessing = 0;
		};
		64D406A82D573933001C1259 /* Frameworks */ = {
			isa = PBXFrameworksBuildPhase;
			buildActionMask = 2147483647;
			files = (
			);
			runOnlyForDeploymentPostprocessing = 0;
		};
/* End PBXFrameworksBuildPhase section */

/* Begin PBXGroup section */
		6483963E2D44EE1E00ACB859 = {
			isa = PBXGroup;
			children = (
				64D4064F2D572F59001C1259 /* otus_ios_hw_6 */,
				64D406572D572F59001C1259 /* otus_ios_hw_6Tests */,
				64D406AC2D573933001C1259 /* otus_ios_hw_6_share_ext */,
				64D406792D573048001C1259 /* Frameworks */,
				648396482D44EE1E00ACB859 /* Products */,
			);
			sourceTree = "<group>";
		};
		648396482D44EE1E00ACB859 /* Products */ = {
			isa = PBXGroup;
			children = (
				648396472D44EE1E00ACB859 /* otus_ios_hw_6.app */,
				6436978D2D45177200FE5041 /* otus_ios_hw_6Tests.xctest */,
				64D406AB2D573933001C1259 /* otus_ios_hw_6_share_ext.appex */,
			);
			name = Products;
			sourceTree = "<group>";
		};
		64D406792D573048001C1259 /* Frameworks */ = {
			isa = PBXGroup;
			children = (
			);
			name = Frameworks;
			sourceTree = "<group>";
		};
/* End PBXGroup section */

/* Begin PBXNativeTarget section */
		6436978C2D45177200FE5041 /* otus_ios_hw_6Tests */ = {
			isa = PBXNativeTarget;
			buildConfigurationList = 643697932D45177200FE5041 /* Build configuration list for PBXNativeTarget "otus_ios_hw_6Tests" */;
			buildPhases = (
				643697892D45177200FE5041 /* Sources */,
				6436978A2D45177200FE5041 /* Frameworks */,
				6436978B2D45177200FE5041 /* Resources */,
			);
			buildRules = (
			);
			dependencies = (
				643697922D45177200FE5041 /* PBXTargetDependency */,
			);
			fileSystemSynchronizedGroups = (
				64D4064F2D572F59001C1259 /* otus_ios_hw_6 */,
				64D406572D572F59001C1259 /* otus_ios_hw_6Tests */,
			);
			name = otus_ios_hw_6Tests;
			packageProductDependencies = (
			);
			productName = otus_ios_hw_5Tests;
			productReference = 6436978D2D45177200FE5041 /* otus_ios_hw_6Tests.xctest */;
			productType = "com.apple.product-type.bundle.unit-test";
		};
		648396462D44EE1E00ACB859 /* otus_ios_hw_6 */ = {
			isa = PBXNativeTarget;
			buildConfigurationList = 648396552D44EE2100ACB859 /* Build configuration list for PBXNativeTarget "otus_ios_hw_6" */;
			buildPhases = (
				648396432D44EE1E00ACB859 /* Sources */,
				648396442D44EE1E00ACB859 /* Frameworks */,
				648396452D44EE1E00ACB859 /* Resources */,
				64D406BA2D573933001C1259 /* Embed Foundation Extensions */,
			);
			buildRules = (
			);
			dependencies = (
				64D406B42D573933001C1259 /* PBXTargetDependency */,
			);
			fileSystemSynchronizedGroups = (
				64D4064F2D572F59001C1259 /* otus_ios_hw_6 */,
				64D406572D572F59001C1259 /* otus_ios_hw_6Tests */,
			);
			name = otus_ios_hw_6;
			packageProductDependencies = (
			);
			productName = "otus-ios-hw-5";
			productReference = 648396472D44EE1E00ACB859 /* otus_ios_hw_6.app */;
			productType = "com.apple.product-type.application";
		};
		64D406AA2D573933001C1259 /* otus_ios_hw_6_share_ext */ = {
			isa = PBXNativeTarget;
			buildConfigurationList = 64D406B62D573933001C1259 /* Build configuration list for PBXNativeTarget "otus_ios_hw_6_share_ext" */;
			buildPhases = (
				64D406A72D573933001C1259 /* Sources */,
				64D406A82D573933001C1259 /* Frameworks */,
				64D406A92D573933001C1259 /* Resources */,
			);
			buildRules = (
			);
			dependencies = (
			);
			fileSystemSynchronizedGroups = (
				64D406AC2D573933001C1259 /* otus_ios_hw_6_share_ext */,
			);
			name = otus_ios_hw_6_share_ext;
			packageProductDependencies = (
			);
			productName = otus_ios_hw_6_share_ext;
			productReference = 64D406AB2D573933001C1259 /* otus_ios_hw_6_share_ext.appex */;
			productType = "com.apple.product-type.app-extension";
		};
/* End PBXNativeTarget section */

/* Begin PBXProject section */
		6483963F2D44EE1E00ACB859 /* Project object */ = {
			isa = PBXProject;
			attributes = {
				BuildIndependentTargetsInParallel = 1;
				LastSwiftUpdateCheck = 1620;
				LastUpgradeCheck = 1620;
				TargetAttributes = {
					6436978C2D45177200FE5041 = {
						CreatedOnToolsVersion = 16.2;
						TestTargetID = 648396462D44EE1E00ACB859;
					};
					648396462D44EE1E00ACB859 = {
						CreatedOnToolsVersion = 16.2;
					};
					64D406AA2D573933001C1259 = {
						CreatedOnToolsVersion = 16.2;
					};
				};
			};
			buildConfigurationList = 648396422D44EE1E00ACB859 /* Build configuration list for PBXProject "otus-ios-hw-6" */;
			developmentRegion = en;
			hasScannedForEncodings = 0;
			knownRegions = (
				en,
				Base,
			);
			mainGroup = 6483963E2D44EE1E00ACB859;
			minimizedProjectReferenceProxies = 1;
			preferredProjectObjectVersion = 77;
			productRefGroup = 648396482D44EE1E00ACB859 /* Products */;
			projectDirPath = "";
			projectRoot = "";
			targets = (
				648396462D44EE1E00ACB859 /* otus_ios_hw_6 */,
				6436978C2D45177200FE5041 /* otus_ios_hw_6Tests */,
				64D406AA2D573933001C1259 /* otus_ios_hw_6_share_ext */,
			);
		};
/* End PBXProject section */

/* Begin PBXResourcesBuildPhase section */
		6436978B2D45177200FE5041 /* Resources */ = {
			isa = PBXResourcesBuildPhase;
			buildActionMask = 2147483647;
			files = (
			);
			runOnlyForDeploymentPostprocessing = 0;
		};
		648396452D44EE1E00ACB859 /* Resources */ = {
			isa = PBXResourcesBuildPhase;
			buildActionMask = 2147483647;
			files = (
			);
			runOnlyForDeploymentPostprocessing = 0;
		};
		64D406A92D573933001C1259 /* Resources */ = {
			isa = PBXResourcesBuildPhase;
			buildActionMask = 2147483647;
			files = (
			);
			runOnlyForDeploymentPostprocessing = 0;
		};
/* End PBXResourcesBuildPhase section */

/* Begin PBXSourcesBuildPhase section */
		643697892D45177200FE5041 /* Sources */ = {
			isa = PBXSourcesBuildPhase;
			buildActionMask = 2147483647;
			files = (
			);
			runOnlyForDeploymentPostprocessing = 0;
		};
		648396432D44EE1E00ACB859 /* Sources */ = {
			isa = PBXSourcesBuildPhase;
			buildActionMask = 2147483647;
			files = (
			);
			runOnlyForDeploymentPostprocessing = 0;
		};
		64D406A72D573933001C1259 /* Sources */ = {
			isa = PBXSourcesBuildPhase;
			buildActionMask = 2147483647;
			files = (
			);
			runOnlyForDeploymentPostprocessing = 0;
		};
/* End PBXSourcesBuildPhase section */

/* Begin PBXTargetDependency section */
		643697922D45177200FE5041 /* PBXTargetDependency */ = {
			isa = PBXTargetDependency;
			target = 648396462D44EE1E00ACB859 /* otus_ios_hw_6 */;
			targetProxy = 643697912D45177200FE5041 /* PBXContainerItemProxy */;
		};
		64D406B42D573933001C1259 /* PBXTargetDependency */ = {
			isa = PBXTargetDependency;
			target = 64D406AA2D573933001C1259 /* otus_ios_hw_6_share_ext */;
			targetProxy = 64D406B32D573933001C1259 /* PBXContainerItemProxy */;
		};
/* End PBXTargetDependency section */

/* Begin XCBuildConfiguration section */
		643697942D45177200FE5041 /* Debug */ = {
			isa = XCBuildConfiguration;
			buildSettings = {
				BUNDLE_LOADER = "$(TEST_HOST)";
				CODE_SIGN_STYLE = Automatic;
				CURRENT_PROJECT_VERSION = 1;
				DEVELOPMENT_TEAM = V7VHP43NQH;
				GENERATE_INFOPLIST_FILE = YES;
				MARKETING_VERSION = 1.0;
				PRODUCT_BUNDLE_IDENTIFIER = "com.tandyru.otus-ios-hw-6Tests";
				PRODUCT_NAME = "$(TARGET_NAME)";
				SWIFT_EMIT_LOC_STRINGS = NO;
				SWIFT_VERSION = 5.0;
				TARGETED_DEVICE_FAMILY = "1,2";
				TEST_HOST = "$(BUILT_PRODUCTS_DIR)/otus_ios_hw_6.app/$(BUNDLE_EXECUTABLE_FOLDER_PATH)/otus_ios_hw_6";
			};
			name = Debug;
		};
		643697952D45177200FE5041 /* Release */ = {
			isa = XCBuildConfiguration;
			buildSettings = {
				BUNDLE_LOADER = "$(TEST_HOST)";
				CODE_SIGN_STYLE = Automatic;
				CURRENT_PROJECT_VERSION = 1;
				DEVELOPMENT_TEAM = V7VHP43NQH;
				GENERATE_INFOPLIST_FILE = YES;
				MARKETING_VERSION = 1.0;
				PRODUCT_BUNDLE_IDENTIFIER = "com.tandyru.otus-ios-hw-6Tests";
				PRODUCT_NAME = "$(TARGET_NAME)";
				SWIFT_EMIT_LOC_STRINGS = NO;
				SWIFT_VERSION = 5.0;
				TARGETED_DEVICE_FAMILY = "1,2";
				TEST_HOST = "$(BUILT_PRODUCTS_DIR)/otus_ios_hw_6.app/$(BUNDLE_EXECUTABLE_FOLDER_PATH)/otus_ios_hw_6";
			};
			name = Release;
		};
		648396532D44EE2100ACB859 /* Debug */ = {
			isa = XCBuildConfiguration;
			buildSettings = {
				ALWAYS_SEARCH_USER_PATHS = NO;
				ASSETCATALOG_COMPILER_GENERATE_SWIFT_ASSET_SYMBOL_EXTENSIONS = YES;
				CLANG_ANALYZER_NONNULL = YES;
				CLANG_ANALYZER_NUMBER_OBJECT_CONVERSION = YES_AGGRESSIVE;
				CLANG_CXX_LANGUAGE_STANDARD = "gnu++20";
				CLANG_ENABLE_MODULES = YES;
				CLANG_ENABLE_OBJC_ARC = YES;
				CLANG_ENABLE_OBJC_WEAK = YES;
				CLANG_WARN_BLOCK_CAPTURE_AUTORELEASING = YES;
				CLANG_WARN_BOOL_CONVERSION = YES;
				CLANG_WARN_COMMA = YES;
				CLANG_WARN_CONSTANT_CONVERSION = YES;
				CLANG_WARN_DEPRECATED_OBJC_IMPLEMENTATIONS = YES;
				CLANG_WARN_DIRECT_OBJC_ISA_USAGE = YES_ERROR;
				CLANG_WARN_DOCUMENTATION_COMMENTS = YES;
				CLANG_WARN_EMPTY_BODY = YES;
				CLANG_WARN_ENUM_CONVERSION = YES;
				CLANG_WARN_INFINITE_RECURSION = YES;
				CLANG_WARN_INT_CONVERSION = YES;
				CLANG_WARN_NON_LITERAL_NULL_CONVERSION = YES;
				CLANG_WARN_OBJC_IMPLICIT_RETAIN_SELF = YES;
				CLANG_WARN_OBJC_LITERAL_CONVERSION = YES;
				CLANG_WARN_OBJC_ROOT_CLASS = YES_ERROR;
				CLANG_WARN_QUOTED_INCLUDE_IN_FRAMEWORK_HEADER = YES;
				CLANG_WARN_RANGE_LOOP_ANALYSIS = YES;
				CLANG_WARN_STRICT_PROTOTYPES = YES;
				CLANG_WARN_SUSPICIOUS_MOVE = YES;
				CLANG_WARN_UNGUARDED_AVAILABILITY = YES_AGGRESSIVE;
				CLANG_WARN_UNREACHABLE_CODE = YES;
				CLANG_WARN__DUPLICATE_METHOD_MATCH = YES;
				COPY_PHASE_STRIP = NO;
				DEBUG_INFORMATION_FORMAT = dwarf;
				ENABLE_STRICT_OBJC_MSGSEND = YES;
				ENABLE_TESTABILITY = YES;
				ENABLE_USER_SCRIPT_SANDBOXING = YES;
				GCC_C_LANGUAGE_STANDARD = gnu17;
				GCC_DYNAMIC_NO_PIC = NO;
				GCC_NO_COMMON_BLOCKS = YES;
				GCC_OPTIMIZATION_LEVEL = 0;
				GCC_PREPROCESSOR_DEFINITIONS = (
					"DEBUG=1",
					"$(inherited)",
				);
				GCC_WARN_64_TO_32_BIT_CONVERSION = YES;
				GCC_WARN_ABOUT_RETURN_TYPE = YES_ERROR;
				GCC_WARN_UNDECLARED_SELECTOR = YES;
				GCC_WARN_UNINITIALIZED_AUTOS = YES_AGGRESSIVE;
				GCC_WARN_UNUSED_FUNCTION = YES;
				GCC_WARN_UNUSED_VARIABLE = YES;
				IPHONEOS_DEPLOYMENT_TARGET = 18.2;
				LOCALIZATION_PREFERS_STRING_CATALOGS = YES;
				MTL_ENABLE_DEBUG_INFO = INCLUDE_SOURCE;
				MTL_FAST_MATH = YES;
				ONLY_ACTIVE_ARCH = YES;
				SDKROOT = iphoneos;
				SWIFT_ACTIVE_COMPILATION_CONDITIONS = "DEBUG $(inherited)";
				SWIFT_OPTIMIZATION_LEVEL = "-Onone";
			};
			name = Debug;
		};
		648396542D44EE2100ACB859 /* Release */ = {
			isa = XCBuildConfiguration;
			buildSettings = {
				ALWAYS_SEARCH_USER_PATHS = NO;
				ASSETCATALOG_COMPILER_GENERATE_SWIFT_ASSET_SYMBOL_EXTENSIONS = YES;
				CLANG_ANALYZER_NONNULL = YES;
				CLANG_ANALYZER_NUMBER_OBJECT_CONVERSION = YES_AGGRESSIVE;
				CLANG_CXX_LANGUAGE_STANDARD = "gnu++20";
				CLANG_ENABLE_MODULES = YES;
				CLANG_ENABLE_OBJC_ARC = YES;
				CLANG_ENABLE_OBJC_WEAK = YES;
				CLANG_WARN_BLOCK_CAPTURE_AUTORELEASING = YES;
				CLANG_WARN_BOOL_CONVERSION = YES;
				CLANG_WARN_COMMA = YES;
				CLANG_WARN_CONSTANT_CONVERSION = YES;
				CLANG_WARN_DEPRECATED_OBJC_IMPLEMENTATIONS = YES;
				CLANG_WARN_DIRECT_OBJC_ISA_USAGE = YES_ERROR;
				CLANG_WARN_DOCUMENTATION_COMMENTS = YES;
				CLANG_WARN_EMPTY_BODY = YES;
				CLANG_WARN_ENUM_CONVERSION = YES;
				CLANG_WARN_INFINITE_RECURSION = YES;
				CLANG_WARN_INT_CONVERSION = YES;
				CLANG_WARN_NON_LITERAL_NULL_CONVERSION = YES;
				CLANG_WARN_OBJC_IMPLICIT_RETAIN_SELF = YES;
				CLANG_WARN_OBJC_LITERAL_CONVERSION = YES;
				CLANG_WARN_OBJC_ROOT_CLASS = YES_ERROR;
				CLANG_WARN_QUOTED_INCLUDE_IN_FRAMEWORK_HEADER = YES;
				CLANG_WARN_RANGE_LOOP_ANALYSIS = YES;
				CLANG_WARN_STRICT_PROTOTYPES = YES;
				CLANG_WARN_SUSPICIOUS_MOVE = YES;
				CLANG_WARN_UNGUARDED_AVAILABILITY = YES_AGGRESSIVE;
				CLANG_WARN_UNREACHABLE_CODE = YES;
				CLANG_WARN__DUPLICATE_METHOD_MATCH = YES;
				COPY_PHASE_STRIP = NO;
				DEBUG_INFORMATION_FORMAT = "dwarf-with-dsym";
				ENABLE_NS_ASSERTIONS = NO;
				ENABLE_STRICT_OBJC_MSGSEND = YES;
				ENABLE_USER_SCRIPT_SANDBOXING = YES;
				GCC_C_LANGUAGE_STANDARD = gnu17;
				GCC_NO_COMMON_BLOCKS = YES;
				GCC_WARN_64_TO_32_BIT_CONVERSION = YES;
				GCC_WARN_ABOUT_RETURN_TYPE = YES_ERROR;
				GCC_WARN_UNDECLARED_SELECTOR = YES;
				GCC_WARN_UNINITIALIZED_AUTOS = YES_AGGRESSIVE;
				GCC_WARN_UNUSED_FUNCTION = YES;
				GCC_WARN_UNUSED_VARIABLE = YES;
				IPHONEOS_DEPLOYMENT_TARGET = 18.2;
				LOCALIZATION_PREFERS_STRING_CATALOGS = YES;
				MTL_ENABLE_DEBUG_INFO = NO;
				MTL_FAST_MATH = YES;
				SDKROOT = iphoneos;
				SWIFT_COMPILATION_MODE = wholemodule;
				VALIDATE_PRODUCT = YES;
			};
			name = Release;
		};
		648396562D44EE2100ACB859 /* Debug */ = {
			isa = XCBuildConfiguration;
			buildSettings = {
				ASSETCATALOG_COMPILER_APPICON_NAME = AppIcon;
				ASSETCATALOG_COMPILER_GLOBAL_ACCENT_COLOR_NAME = AccentColor;
				CODE_SIGN_ENTITLEMENTS = otus_ios_hw_6/otus_ios_hw_6.entitlements;
				CODE_SIGN_STYLE = Automatic;
				CURRENT_PROJECT_VERSION = 1;
				DEVELOPMENT_ASSET_PATHS = "\"otus_ios_hw_6/Preview Content\"";
				DEVELOPMENT_TEAM = V7VHP43NQH;
				ENABLE_PREVIEWS = YES;
				GENERATE_INFOPLIST_FILE = YES;
				INFOPLIST_FILE = "otus-ios-hw-6-Info.plist";
				INFOPLIST_KEY_UIApplicationSceneManifest_Generation = YES;
				INFOPLIST_KEY_UIApplicationSupportsIndirectInputEvents = YES;
				INFOPLIST_KEY_UILaunchScreen_Generation = YES;
				INFOPLIST_KEY_UISupportedInterfaceOrientations_iPad = "UIInterfaceOrientationPortrait UIInterfaceOrientationPortraitUpsideDown UIInterfaceOrientationLandscapeLeft UIInterfaceOrientationLandscapeRight";
				INFOPLIST_KEY_UISupportedInterfaceOrientations_iPhone = "UIInterfaceOrientationPortrait UIInterfaceOrientationLandscapeLeft UIInterfaceOrientationLandscapeRight";
				LD_RUNPATH_SEARCH_PATHS = (
					"$(inherited)",
					"@executable_path/Frameworks",
				);
				MARKETING_VERSION = 1.0;
				PRODUCT_BUNDLE_IDENTIFIER = "com.tandyru.otus-ios-hw-6";
				PRODUCT_NAME = "$(TARGET_NAME)";
				SWIFT_EMIT_LOC_STRINGS = YES;
				SWIFT_VERSION = 5.0;
				TARGETED_DEVICE_FAMILY = "1,2";
			};
			name = Debug;
		};
		648396572D44EE2100ACB859 /* Release */ = {
			isa = XCBuildConfiguration;
			buildSettings = {
				ASSETCATALOG_COMPILER_APPICON_NAME = AppIcon;
				ASSETCATALOG_COMPILER_GLOBAL_ACCENT_COLOR_NAME = AccentColor;
				CODE_SIGN_ENTITLEMENTS = otus_ios_hw_6/otus_ios_hw_6.entitlements;
				CODE_SIGN_STYLE = Automatic;
				CURRENT_PROJECT_VERSION = 1;
				DEVELOPMENT_ASSET_PATHS = "\"otus_ios_hw_6/Preview Content\"";
				DEVELOPMENT_TEAM = V7VHP43NQH;
				ENABLE_PREVIEWS = YES;
				GENERATE_INFOPLIST_FILE = YES;
				INFOPLIST_FILE = "otus-ios-hw-6-Info.plist";
				INFOPLIST_KEY_UIApplicationSceneManifest_Generation = YES;
				INFOPLIST_KEY_UIApplicationSupportsIndirectInputEvents = YES;
				INFOPLIST_KEY_UILaunchScreen_Generation = YES;
				INFOPLIST_KEY_UISupportedInterfaceOrientations_iPad = "UIInterfaceOrientationPortrait UIInterfaceOrientationPortraitUpsideDown UIInterfaceOrientationLandscapeLeft UIInterfaceOrientationLandscapeRight";
				INFOPLIST_KEY_UISupportedInterfaceOrientations_iPhone = "UIInterfaceOrientationPortrait UIInterfaceOrientationLandscapeLeft UIInterfaceOrientationLandscapeRight";
				LD_RUNPATH_SEARCH_PATHS = (
					"$(inherited)",
					"@executable_path/Frameworks",
				);
				MARKETING_VERSION = 1.0;
				PRODUCT_BUNDLE_IDENTIFIER = "com.tandyru.otus-ios-hw-6";
				PRODUCT_NAME = "$(TARGET_NAME)";
				SWIFT_EMIT_LOC_STRINGS = YES;
				SWIFT_VERSION = 5.0;
				TARGETED_DEVICE_FAMILY = "1,2";
			};
			name = Release;
		};
		64D406B72D573933001C1259 /* Debug */ = {
			isa = XCBuildConfiguration;
			buildSettings = {
				CODE_SIGN_ENTITLEMENTS = otus_ios_hw_6_share_ext/otus_ios_hw_6_share_ext.entitlements;
				CODE_SIGN_STYLE = Automatic;
				CURRENT_PROJECT_VERSION = 1;
				DEVELOPMENT_TEAM = V7VHP43NQH;
				GENERATE_INFOPLIST_FILE = YES;
				INFOPLIST_FILE = otus_ios_hw_6_share_ext/Info.plist;
				INFOPLIST_KEY_CFBundleDisplayName = otus_ios_hw_6_share_ext;
				INFOPLIST_KEY_NSHumanReadableCopyright = "";
				LD_RUNPATH_SEARCH_PATHS = (
					"$(inherited)",
					"@executable_path/Frameworks",
					"@executable_path/../../Frameworks",
				);
				MARKETING_VERSION = 1.0;
				PRODUCT_BUNDLE_IDENTIFIER = "com.tandyru.otus-ios-hw-6.otus-ios-hw-6-share-ext";
				PRODUCT_NAME = "$(TARGET_NAME)";
				SKIP_INSTALL = YES;
				SWIFT_EMIT_LOC_STRINGS = YES;
				SWIFT_VERSION = 5.0;
				TARGETED_DEVICE_FAMILY = "1,2";
			};
			name = Debug;
		};
		64D406B82D573933001C1259 /* Release */ = {
			isa = XCBuildConfiguration;
			buildSettings = {
				CODE_SIGN_ENTITLEMENTS = otus_ios_hw_6_share_ext/otus_ios_hw_6_share_ext.entitlements;
				CODE_SIGN_STYLE = Automatic;
				CURRENT_PROJECT_VERSION = 1;
				DEVELOPMENT_TEAM = V7VHP43NQH;
				GENERATE_INFOPLIST_FILE = YES;
				INFOPLIST_FILE = otus_ios_hw_6_share_ext/Info.plist;
				INFOPLIST_KEY_CFBundleDisplayName = otus_ios_hw_6_share_ext;
				INFOPLIST_KEY_NSHumanReadableCopyright = "";
				LD_RUNPATH_SEARCH_PATHS = (
					"$(inherited)",
					"@executable_path/Frameworks",
					"@executable_path/../../Frameworks",
				);
				MARKETING_VERSION = 1.0;
				PRODUCT_BUNDLE_IDENTIFIER = "com.tandyru.otus-ios-hw-6.otus-ios-hw-6-share-ext";
				PRODUCT_NAME = "$(TARGET_NAME)";
				SKIP_INSTALL = YES;
				SWIFT_EMIT_LOC_STRINGS = YES;
				SWIFT_VERSION = 5.0;
				TARGETED_DEVICE_FAMILY = "1,2";
			};
			name = Release;
		};
/* End XCBuildConfiguration section */

/* Begin XCConfigurationList section */
		643697932D45177200FE5041 /* Build configuration list for PBXNativeTarget "otus_ios_hw_6Tests" */ = {
			isa = XCConfigurationList;
			buildConfigurations = (
				643697942D45177200FE5041 /* Debug */,
				643697952D45177200FE5041 /* Release */,
			);
			defaultConfigurationIsVisible = 0;
			defaultConfigurationName = Release;
		};
		648396422D44EE1E00ACB859 /* Build configuration list for PBXProject "otus-ios-hw-6" */ = {
			isa = XCConfigurationList;
			buildConfigurations = (
				648396532D44EE2100ACB859 /* Debug */,
				648396542D44EE2100ACB859 /* Release */,
			);
			defaultConfigurationIsVisible = 0;
			defaultConfigurationName = Release;
		};
		648396552D44EE2100ACB859 /* Build configuration list for PBXNativeTarget "otus_ios_hw_6" */ = {
			isa = XCConfigurationList;
			buildConfigurations = (
				648396562D44EE2100ACB859 /* Debug */,
				648396572D44EE2100ACB859 /* Release */,
			);
			defaultConfigurationIsVisible = 0;
			defaultConfigurationName = Release;
		};
		64D406B62D573933001C1259 /* Build configuration list for PBXNativeTarget "otus_ios_hw_6_share_ext" */ = {
			isa = XCConfigurationList;
			buildConfigurations = (
				64D406B72D573933001C1259 /* Debug */,
				64D406B82D573933001C1259 /* Release */,
			);
			defaultConfigurationIsVisible = 0;
			defaultConfigurationName = Release;
		};
/* End XCConfigurationList section */
	};
	rootObject = 6483963F2D44EE1E00ACB859 /* Project object */;
}
