// !$*UTF8*$!
{
	archiveVersion = 1;
	classes = {
	};
	objectVersion = 77;
	objects = {

/* Begin PBXBuildFile section */
		641A3F772DD25CBC00E5FF57 /* CoreProfile in Frameworks */ = {isa = PBXBuildFile; productRef = 641A3F762DD25CBC00E5FF57 /* CoreProfile */; };
		641A3F7B2DD2799700E5FF57 /* CoreLLM in Frameworks */ = {isa = PBXBuildFile; productRef = 641A3F7A2DD2799700E5FF57 /* CoreLLM */; };
		641A3F802DD282A400E5FF57 /* CoreProfileStorage in Frameworks */ = {isa = PBXBuildFile; productRef = 641A3F7F2DD282A400E5FF57 /* CoreProfileStorage */; };
		641A3F852DD2891D00E5FF57 /* FeatureChat in Frameworks */ = {isa = PBXBuildFile; productRef = 641A3F842DD2891D00E5FF57 /* FeatureChat */; };
		641A3F8A2DD318C500E5FF57 /* CoreProfiles in Frameworks */ = {isa = PBXBuildFile; productRef = 641A3F892DD318C500E5FF57 /* CoreProfiles */; };
		641A3F8D2DD318D000E5FF57 /* FeatureProfileSetup in Frameworks */ = {isa = PBXBuildFile; productRef = 641A3F8C2DD318D000E5FF57 /* FeatureProfileSetup */; };
		641A3FA22DD3B3DD00E5FF57 /* FeatureProfileList in Frameworks */ = {isa = PBXBuildFile; productRef = 641A3FA12DD3B3DD00E5FF57 /* FeatureProfileList */; };
/* End PBXBuildFile section */

/* Begin PBXContainerItemProxy section */
		645DAB0D2DBA792F004FE868 /* PBXContainerItemProxy */ = {
			isa = PBXContainerItemProxy;
			containerPortal = 645DAAEF2DBA792C004FE868 /* Project object */;
			proxyType = 1;
			remoteGlobalIDString = 645DAAF62DBA792C004FE868;
			remoteInfo = AIProfiles;
		};
		645DAB172DBA792F004FE868 /* PBXContainerItemProxy */ = {
			isa = PBXContainerItemProxy;
			containerPortal = 645DAAEF2DBA792C004FE868 /* Project object */;
			proxyType = 1;
			remoteGlobalIDString = 645DAAF62DBA792C004FE868;
			remoteInfo = AIProfiles;
		};
/* End PBXContainerItemProxy section */

/* Begin PBXFileReference section */
		641A3F5E2DD25B1D00E5FF57 /* CoreProfile */ = {isa = PBXFileReference; lastKnownFileType = wrapper; path = CoreProfile; sourceTree = "<group>"; };
		641A3F782DD278D000E5FF57 /* CoreLLM */ = {isa = PBXFileReference; lastKnownFileType = wrapper; path = CoreLLM; sourceTree = "<group>"; };
		641A3F7C2DD27A9F00E5FF57 /* CoreKeychain */ = {isa = PBXFileReference; lastKnownFileType = wrapper; path = CoreKeychain; sourceTree = "<group>"; };
		641A3F7D2DD27FF800E5FF57 /* CoreProfileStorage */ = {isa = PBXFileReference; lastKnownFileType = wrapper; path = CoreProfileStorage; sourceTree = "<group>"; };
		641A3F812DD2840200E5FF57 /* FeatureChat */ = {isa = PBXFileReference; lastKnownFileType = wrapper; path = FeatureChat; sourceTree = "<group>"; };
		641A3F822DD2859B00E5FF57 /* CoreUtils */ = {isa = PBXFileReference; lastKnownFileType = wrapper; path = CoreUtils; sourceTree = "<group>"; };
		641A3F862DD3150B00E5FF57 /* FeatureProfileSetup */ = {isa = PBXFileReference; lastKnownFileType = wrapper; path = FeatureProfileSetup; sourceTree = "<group>"; };
		641A3F872DD3169600E5FF57 /* CoreProfiles */ = {isa = PBXFileReference; lastKnownFileType = wrapper; path = CoreProfiles; sourceTree = "<group>"; };
		641A3F922DD3AF8C00E5FF57 /* FeatureProfileList */ = {isa = PBXFileReference; lastKnownFileType = wrapper; path = FeatureProfileList; sourceTree = "<group>"; };
		641A3FA32DD3B4DD00E5FF57 /* FeatureSettings */ = {isa = PBXFileReference; lastKnownFileType = wrapper; path = FeatureSettings; sourceTree = "<group>"; };
		645DAAF72DBA792C004FE868 /* AIProfiles.app */ = {isa = PBXFileReference; explicitFileType = wrapper.application; includeInIndex = 0; path = AIProfiles.app; sourceTree = BUILT_PRODUCTS_DIR; };
		645DAB0C2DBA792F004FE868 /* AIProfilesTests.xctest */ = {isa = PBXFileReference; explicitFileType = wrapper.cfbundle; includeInIndex = 0; path = AIProfilesTests.xctest; sourceTree = BUILT_PRODUCTS_DIR; };
		645DAB162DBA792F004FE868 /* AIProfilesUITests.xctest */ = {isa = PBXFileReference; explicitFileType = wrapper.cfbundle; includeInIndex = 0; path = AIProfilesUITests.xctest; sourceTree = BUILT_PRODUCTS_DIR; };
/* End PBXFileReference section */

/* Begin PBXFileSystemSynchronizedRootGroup section */
		645DAAF92DBA792C004FE868 /* AIProfiles */ = {
			isa = PBXFileSystemSynchronizedRootGroup;
			path = AIProfiles;
			sourceTree = "<group>";
		};
		645DAB0F2DBA792F004FE868 /* AIProfilesTests */ = {
			isa = PBXFileSystemSynchronizedRootGroup;
			path = AIProfilesTests;
			sourceTree = "<group>";
		};
		645DAB192DBA792F004FE868 /* AIProfilesUITests */ = {
			isa = PBXFileSystemSynchronizedRootGroup;
			path = AIProfilesUITests;
			sourceTree = "<group>";
		};
/* End PBXFileSystemSynchronizedRootGroup section */

/* Begin PBXFrameworksBuildPhase section */
		645DAAF42DBA792C004FE868 /* Frameworks */ = {
			isa = PBXFrameworksBuildPhase;
			buildActionMask = 2147483647;
			files = (
				641A3F802DD282A400E5FF57 /* CoreProfileStorage in Frameworks */,
				641A3F772DD25CBC00E5FF57 /* CoreProfile in Frameworks */,
				641A3F7B2DD2799700E5FF57 /* CoreLLM in Frameworks */,
				641A3F8D2DD318D000E5FF57 /* FeatureProfileSetup in Frameworks */,
				641A3F8A2DD318C500E5FF57 /* CoreProfiles in Frameworks */,
				641A3F852DD2891D00E5FF57 /* FeatureChat in Frameworks */,
				641A3FA22DD3B3DD00E5FF57 /* FeatureProfileList in Frameworks */,
			);
			runOnlyForDeploymentPostprocessing = 0;
		};
		645DAB092DBA792F004FE868 /* Frameworks */ = {
			isa = PBXFrameworksBuildPhase;
			buildActionMask = 2147483647;
			files = (
			);
			runOnlyForDeploymentPostprocessing = 0;
		};
		645DAB132DBA792F004FE868 /* Frameworks */ = {
			isa = PBXFrameworksBuildPhase;
			buildActionMask = 2147483647;
			files = (
			);
			runOnlyForDeploymentPostprocessing = 0;
		};
/* End PBXFrameworksBuildPhase section */

/* Begin PBXGroup section */
		645DAAEE2DBA792C004FE868 = {
			isa = PBXGroup;
			children = (
				641A3F822DD2859B00E5FF57 /* CoreUtils */,
				641A3F7C2DD27A9F00E5FF57 /* CoreKeychain */,
				641A3F782DD278D000E5FF57 /* CoreLLM */,
				641A3F5E2DD25B1D00E5FF57 /* CoreProfile */,
				641A3F7D2DD27FF800E5FF57 /* CoreProfileStorage */,
				641A3F872DD3169600E5FF57 /* CoreProfiles */,
				641A3FA32DD3B4DD00E5FF57 /* FeatureSettings */,
				641A3F812DD2840200E5FF57 /* FeatureChat */,
				641A3F862DD3150B00E5FF57 /* FeatureProfileSetup */,
				641A3F922DD3AF8C00E5FF57 /* FeatureProfileList */,
				645DAAF92DBA792C004FE868 /* AIProfiles */,
				645DAB0F2DBA792F004FE868 /* AIProfilesTests */,
				645DAB192DBA792F004FE868 /* AIProfilesUITests */,
				645DAAF82DBA792C004FE868 /* Products */,
			);
			sourceTree = "<group>";
		};
		645DAAF82DBA792C004FE868 /* Products */ = {
			isa = PBXGroup;
			children = (
				645DAAF72DBA792C004FE868 /* AIProfiles.app */,
				645DAB0C2DBA792F004FE868 /* AIProfilesTests.xctest */,
				645DAB162DBA792F004FE868 /* AIProfilesUITests.xctest */,
			);
			name = Products;
			sourceTree = "<group>";
		};
/* End PBXGroup section */

/* Begin PBXNativeTarget section */
		645DAAF62DBA792C004FE868 /* AIProfiles */ = {
			isa = PBXNativeTarget;
			buildConfigurationList = 645DAB202DBA792F004FE868 /* Build configuration list for PBXNativeTarget "AIProfiles" */;
			buildPhases = (
				645DAAF32DBA792C004FE868 /* Sources */,
				645DAAF42DBA792C004FE868 /* Frameworks */,
				645DAAF52DBA792C004FE868 /* Resources */,
			);
			buildRules = (
			);
			dependencies = (
			);
			fileSystemSynchronizedGroups = (
				645DAAF92DBA792C004FE868 /* AIProfiles */,
			);
			name = AIProfiles;
			packageProductDependencies = (
				641A3F762DD25CBC00E5FF57 /* CoreProfile */,
				641A3F7A2DD2799700E5FF57 /* CoreLLM */,
				641A3F7F2DD282A400E5FF57 /* CoreProfileStorage */,
				641A3F842DD2891D00E5FF57 /* FeatureChat */,
				641A3F892DD318C500E5FF57 /* CoreProfiles */,
				641A3F8C2DD318D000E5FF57 /* FeatureProfileSetup */,
				641A3FA12DD3B3DD00E5FF57 /* FeatureProfileList */,
			);
			productName = AIProfiles;
			productReference = 645DAAF72DBA792C004FE868 /* AIProfiles.app */;
			productType = "com.apple.product-type.application";
		};
		645DAB0B2DBA792F004FE868 /* AIProfilesTests */ = {
			isa = PBXNativeTarget;
			buildConfigurationList = 645DAB232DBA792F004FE868 /* Build configuration list for PBXNativeTarget "AIProfilesTests" */;
			buildPhases = (
				645DAB082DBA792F004FE868 /* Sources */,
				645DAB092DBA792F004FE868 /* Frameworks */,
				645DAB0A2DBA792F004FE868 /* Resources */,
			);
			buildRules = (
			);
			dependencies = (
				645DAB0E2DBA792F004FE868 /* PBXTargetDependency */,
			);
			fileSystemSynchronizedGroups = (
				645DAB0F2DBA792F004FE868 /* AIProfilesTests */,
			);
			name = AIProfilesTests;
			packageProductDependencies = (
			);
			productName = AIProfilesTests;
			productReference = 645DAB0C2DBA792F004FE868 /* AIProfilesTests.xctest */;
			productType = "com.apple.product-type.bundle.unit-test";
		};
		645DAB152DBA792F004FE868 /* AIProfilesUITests */ = {
			isa = PBXNativeTarget;
			buildConfigurationList = 645DAB262DBA792F004FE868 /* Build configuration list for PBXNativeTarget "AIProfilesUITests" */;
			buildPhases = (
				645DAB122DBA792F004FE868 /* Sources */,
				645DAB132DBA792F004FE868 /* Frameworks */,
				645DAB142DBA792F004FE868 /* Resources */,
			);
			buildRules = (
			);
			dependencies = (
				645DAB182DBA792F004FE868 /* PBXTargetDependency */,
			);
			fileSystemSynchronizedGroups = (
				645DAB192DBA792F004FE868 /* AIProfilesUITests */,
			);
			name = AIProfilesUITests;
			packageProductDependencies = (
			);
			productName = AIProfilesUITests;
			productReference = 645DAB162DBA792F004FE868 /* AIProfilesUITests.xctest */;
			productType = "com.apple.product-type.bundle.ui-testing";
		};
/* End PBXNativeTarget section */

/* Begin PBXProject section */
		645DAAEF2DBA792C004FE868 /* Project object */ = {
			isa = PBXProject;
			attributes = {
				BuildIndependentTargetsInParallel = 1;
				LastSwiftUpdateCheck = 1620;
				LastUpgradeCheck = 1620;
				TargetAttributes = {
					645DAAF62DBA792C004FE868 = {
						CreatedOnToolsVersion = 16.2;
					};
					645DAB0B2DBA792F004FE868 = {
						CreatedOnToolsVersion = 16.2;
						TestTargetID = 645DAAF62DBA792C004FE868;
					};
					645DAB152DBA792F004FE868 = {
						CreatedOnToolsVersion = 16.2;
						TestTargetID = 645DAAF62DBA792C004FE868;
					};
				};
			};
			buildConfigurationList = 645DAAF22DBA792C004FE868 /* Build configuration list for PBXProject "AIProfiles" */;
			developmentRegion = en;
			hasScannedForEncodings = 0;
			knownRegions = (
				en,
				Base,
			);
			mainGroup = 645DAAEE2DBA792C004FE868;
			minimizedProjectReferenceProxies = 1;
			packageReferences = (
				641A3F752DD25CBC00E5FF57 /* XCLocalSwiftPackageReference "CoreProfile" */,
				641A3F792DD2799700E5FF57 /* XCLocalSwiftPackageReference "CoreLLM" */,
				641A3F7E2DD282A400E5FF57 /* XCLocalSwiftPackageReference "CoreProfileStorage" */,
				641A3F832DD2891D00E5FF57 /* XCLocalSwiftPackageReference "FeatureChat" */,
				641A3F882DD318C500E5FF57 /* XCLocalSwiftPackageReference "CoreProfiles" */,
				641A3F8B2DD318D000E5FF57 /* XCLocalSwiftPackageReference "FeatureProfileSetup" */,
				641A3FA02DD3B3DD00E5FF57 /* XCLocalSwiftPackageReference "FeatureProfileList" */,
			);
			preferredProjectObjectVersion = 77;
			productRefGroup = 645DAAF82DBA792C004FE868 /* Products */;
			projectDirPath = "";
			projectRoot = "";
			targets = (
				645DAAF62DBA792C004FE868 /* AIProfiles */,
				645DAB0B2DBA792F004FE868 /* AIProfilesTests */,
				645DAB152DBA792F004FE868 /* AIProfilesUITests */,
			);
		};
/* End PBXProject section */

/* Begin PBXResourcesBuildPhase section */
		645DAAF52DBA792C004FE868 /* Resources */ = {
			isa = PBXResourcesBuildPhase;
			buildActionMask = 2147483647;
			files = (
			);
			runOnlyForDeploymentPostprocessing = 0;
		};
		645DAB0A2DBA792F004FE868 /* Resources */ = {
			isa = PBXResourcesBuildPhase;
			buildActionMask = 2147483647;
			files = (
			);
			runOnlyForDeploymentPostprocessing = 0;
		};
		645DAB142DBA792F004FE868 /* Resources */ = {
			isa = PBXResourcesBuildPhase;
			buildActionMask = 2147483647;
			files = (
			);
			runOnlyForDeploymentPostprocessing = 0;
		};
/* End PBXResourcesBuildPhase section */

/* Begin PBXSourcesBuildPhase section */
		645DAAF32DBA792C004FE868 /* Sources */ = {
			isa = PBXSourcesBuildPhase;
			buildActionMask = 2147483647;
			files = (
			);
			runOnlyForDeploymentPostprocessing = 0;
		};
		645DAB082DBA792F004FE868 /* Sources */ = {
			isa = PBXSourcesBuildPhase;
			buildActionMask = 2147483647;
			files = (
			);
			runOnlyForDeploymentPostprocessing = 0;
		};
		645DAB122DBA792F004FE868 /* Sources */ = {
			isa = PBXSourcesBuildPhase;
			buildActionMask = 2147483647;
			files = (
			);
			runOnlyForDeploymentPostprocessing = 0;
		};
/* End PBXSourcesBuildPhase section */

/* Begin PBXTargetDependency section */
		645DAB0E2DBA792F004FE868 /* PBXTargetDependency */ = {
			isa = PBXTargetDependency;
			target = 645DAAF62DBA792C004FE868 /* AIProfiles */;
			targetProxy = 645DAB0D2DBA792F004FE868 /* PBXContainerItemProxy */;
		};
		645DAB182DBA792F004FE868 /* PBXTargetDependency */ = {
			isa = PBXTargetDependency;
			target = 645DAAF62DBA792C004FE868 /* AIProfiles */;
			targetProxy = 645DAB172DBA792F004FE868 /* PBXContainerItemProxy */;
		};
/* End PBXTargetDependency section */

/* Begin XCBuildConfiguration section */
		645DAB1E2DBA792F004FE868 /* Debug */ = {
			isa = XCBuildConfiguration;
			buildSettings = {
				ALWAYS_SEARCH_USER_PATHS = NO;
				ASSETCATALOG_COMPILER_GENERATE_SWIFT_ASSET_SYMBOL_EXTENSIONS = YES;
				CLANG_ANALYZER_NONNULL = YES;
				CLANG_ANALYZER_NUMBER_OBJECT_CONVERSION = YES_AGGRESSIVE;
				CLANG_CXX_LANGUAGE_STANDARD = "gnu++20";
				CLANG_ENABLE_MODULES = YES;
				CLANG_ENABLE_OBJC_ARC = YES;
				CLANG_ENABLE_OBJC_WEAK = YES;
				CLANG_WARN_BLOCK_CAPTURE_AUTORELEASING = YES;
				CLANG_WARN_BOOL_CONVERSION = YES;
				CLANG_WARN_COMMA = YES;
				CLANG_WARN_CONSTANT_CONVERSION = YES;
				CLANG_WARN_DEPRECATED_OBJC_IMPLEMENTATIONS = YES;
				CLANG_WARN_DIRECT_OBJC_ISA_USAGE = YES_ERROR;
				CLANG_WARN_DOCUMENTATION_COMMENTS = YES;
				CLANG_WARN_EMPTY_BODY = YES;
				CLANG_WARN_ENUM_CONVERSION = YES;
				CLANG_WARN_INFINITE_RECURSION = YES;
				CLANG_WARN_INT_CONVERSION = YES;
				CLANG_WARN_NON_LITERAL_NULL_CONVERSION = YES;
				CLANG_WARN_OBJC_IMPLICIT_RETAIN_SELF = YES;
				CLANG_WARN_OBJC_LITERAL_CONVERSION = YES;
				CLANG_WARN_OBJC_ROOT_CLASS = YES_ERROR;
				CLANG_WARN_QUOTED_INCLUDE_IN_FRAMEWORK_HEADER = YES;
				CLANG_WARN_RANGE_LOOP_ANALYSIS = YES;
				CLANG_WARN_STRICT_PROTOTYPES = YES;
				CLANG_WARN_SUSPICIOUS_MOVE = YES;
				CLANG_WARN_UNGUARDED_AVAILABILITY = YES_AGGRESSIVE;
				CLANG_WARN_UNREACHABLE_CODE = YES;
				CLANG_WARN__DUPLICATE_METHOD_MATCH = YES;
				COPY_PHASE_STRIP = NO;
				DEBUG_INFORMATION_FORMAT = dwarf;
				ENABLE_STRICT_OBJC_MSGSEND = YES;
				ENABLE_TESTABILITY = YES;
				ENABLE_USER_SCRIPT_SANDBOXING = YES;
				GCC_C_LANGUAGE_STANDARD = gnu17;
				GCC_DYNAMIC_NO_PIC = NO;
				GCC_NO_COMMON_BLOCKS = YES;
				GCC_OPTIMIZATION_LEVEL = 0;
				GCC_PREPROCESSOR_DEFINITIONS = (
					"DEBUG=1",
					"$(inherited)",
				);
				GCC_WARN_64_TO_32_BIT_CONVERSION = YES;
				GCC_WARN_ABOUT_RETURN_TYPE = YES_ERROR;
				GCC_WARN_UNDECLARED_SELECTOR = YES;
				GCC_WARN_UNINITIALIZED_AUTOS = YES_AGGRESSIVE;
				GCC_WARN_UNUSED_FUNCTION = YES;
				GCC_WARN_UNUSED_VARIABLE = YES;
				IPHONEOS_DEPLOYMENT_TARGET = 18.2;
				LOCALIZATION_PREFERS_STRING_CATALOGS = YES;
				MTL_ENABLE_DEBUG_INFO = INCLUDE_SOURCE;
				MTL_FAST_MATH = YES;
				ONLY_ACTIVE_ARCH = YES;
				SDKROOT = iphoneos;
				SWIFT_ACTIVE_COMPILATION_CONDITIONS = "DEBUG $(inherited)";
				SWIFT_OPTIMIZATION_LEVEL = "-Onone";
			};
			name = Debug;
		};
		645DAB1F2DBA792F004FE868 /* Release */ = {
			isa = XCBuildConfiguration;
			buildSettings = {
				ALWAYS_SEARCH_USER_PATHS = NO;
				ASSETCATALOG_COMPILER_GENERATE_SWIFT_ASSET_SYMBOL_EXTENSIONS = YES;
				CLANG_ANALYZER_NONNULL = YES;
				CLANG_ANALYZER_NUMBER_OBJECT_CONVERSION = YES_AGGRESSIVE;
				CLANG_CXX_LANGUAGE_STANDARD = "gnu++20";
				CLANG_ENABLE_MODULES = YES;
				CLANG_ENABLE_OBJC_ARC = YES;
				CLANG_ENABLE_OBJC_WEAK = YES;
				CLANG_WARN_BLOCK_CAPTURE_AUTORELEASING = YES;
				CLANG_WARN_BOOL_CONVERSION = YES;
				CLANG_WARN_COMMA = YES;
				CLANG_WARN_CONSTANT_CONVERSION = YES;
				CLANG_WARN_DEPRECATED_OBJC_IMPLEMENTATIONS = YES;
				CLANG_WARN_DIRECT_OBJC_ISA_USAGE = YES_ERROR;
				CLANG_WARN_DOCUMENTATION_COMMENTS = YES;
				CLANG_WARN_EMPTY_BODY = YES;
				CLANG_WARN_ENUM_CONVERSION = YES;
				CLANG_WARN_INFINITE_RECURSION = YES;
				CLANG_WARN_INT_CONVERSION = YES;
				CLANG_WARN_NON_LITERAL_NULL_CONVERSION = YES;
				CLANG_WARN_OBJC_IMPLICIT_RETAIN_SELF = YES;
				CLANG_WARN_OBJC_LITERAL_CONVERSION = YES;
				CLANG_WARN_OBJC_ROOT_CLASS = YES_ERROR;
				CLANG_WARN_QUOTED_INCLUDE_IN_FRAMEWORK_HEADER = YES;
				CLANG_WARN_RANGE_LOOP_ANALYSIS = YES;
				CLANG_WARN_STRICT_PROTOTYPES = YES;
				CLANG_WARN_SUSPICIOUS_MOVE = YES;
				CLANG_WARN_UNGUARDED_AVAILABILITY = YES_AGGRESSIVE;
				CLANG_WARN_UNREACHABLE_CODE = YES;
				CLANG_WARN__DUPLICATE_METHOD_MATCH = YES;
				COPY_PHASE_STRIP = NO;
				DEBUG_INFORMATION_FORMAT = "dwarf-with-dsym";
				ENABLE_NS_ASSERTIONS = NO;
				ENABLE_STRICT_OBJC_MSGSEND = YES;
				ENABLE_USER_SCRIPT_SANDBOXING = YES;
				GCC_C_LANGUAGE_STANDARD = gnu17;
				GCC_NO_COMMON_BLOCKS = YES;
				GCC_WARN_64_TO_32_BIT_CONVERSION = YES;
				GCC_WARN_ABOUT_RETURN_TYPE = YES_ERROR;
				GCC_WARN_UNDECLARED_SELECTOR = YES;
				GCC_WARN_UNINITIALIZED_AUTOS = YES_AGGRESSIVE;
				GCC_WARN_UNUSED_FUNCTION = YES;
				GCC_WARN_UNUSED_VARIABLE = YES;
				IPHONEOS_DEPLOYMENT_TARGET = 18.2;
				LOCALIZATION_PREFERS_STRING_CATALOGS = YES;
				MTL_ENABLE_DEBUG_INFO = NO;
				MTL_FAST_MATH = YES;
				SDKROOT = iphoneos;
				SWIFT_COMPILATION_MODE = wholemodule;
				VALIDATE_PRODUCT = YES;
			};
			name = Release;
		};
		645DAB212DBA792F004FE868 /* Debug */ = {
			isa = XCBuildConfiguration;
			buildSettings = {
				ASSETCATALOG_COMPILER_APPICON_NAME = AppIcon;
				ASSETCATALOG_COMPILER_GLOBAL_ACCENT_COLOR_NAME = AccentColor;
				CODE_SIGN_STYLE = Automatic;
				CURRENT_PROJECT_VERSION = 1;
				DEVELOPMENT_ASSET_PATHS = "\"AIProfiles/Preview Content\"";
				DEVELOPMENT_TEAM = V7VHP43NQH;
				ENABLE_PREVIEWS = YES;
				GENERATE_INFOPLIST_FILE = YES;
				INFOPLIST_KEY_UIApplicationSceneManifest_Generation = YES;
				INFOPLIST_KEY_UIApplicationSupportsIndirectInputEvents = YES;
				INFOPLIST_KEY_UILaunchScreen_Generation = YES;
				INFOPLIST_KEY_UISupportedInterfaceOrientations_iPad = "UIInterfaceOrientationPortrait UIInterfaceOrientationPortraitUpsideDown UIInterfaceOrientationLandscapeLeft UIInterfaceOrientationLandscapeRight";
				INFOPLIST_KEY_UISupportedInterfaceOrientations_iPhone = "UIInterfaceOrientationPortrait UIInterfaceOrientationLandscapeLeft UIInterfaceOrientationLandscapeRight";
				IPHONEOS_DEPLOYMENT_TARGET = 17;
				LD_RUNPATH_SEARCH_PATHS = (
					"$(inherited)",
					"@executable_path/Frameworks",
				);
				MARKETING_VERSION = 1.0;
				PRODUCT_BUNDLE_IDENTIFIER = com.tandyru.AIProfiles;
				PRODUCT_NAME = "$(TARGET_NAME)";
				SWIFT_EMIT_LOC_STRINGS = YES;
				SWIFT_VERSION = 5.0;
				TARGETED_DEVICE_FAMILY = "1,2";
			};
			name = Debug;
		};
		645DAB222DBA792F004FE868 /* Release */ = {
			isa = XCBuildConfiguration;
			buildSettings = {
				ASSETCATALOG_COMPILER_APPICON_NAME = AppIcon;
				ASSETCATALOG_COMPILER_GLOBAL_ACCENT_COLOR_NAME = AccentColor;
				CODE_SIGN_STYLE = Automatic;
				CURRENT_PROJECT_VERSION = 1;
				DEVELOPMENT_ASSET_PATHS = "\"AIProfiles/Preview Content\"";
				DEVELOPMENT_TEAM = V7VHP43NQH;
				ENABLE_PREVIEWS = YES;
				GENERATE_INFOPLIST_FILE = YES;
				INFOPLIST_KEY_UIApplicationSceneManifest_Generation = YES;
				INFOPLIST_KEY_UIApplicationSupportsIndirectInputEvents = YES;
				INFOPLIST_KEY_UILaunchScreen_Generation = YES;
				INFOPLIST_KEY_UISupportedInterfaceOrientations_iPad = "UIInterfaceOrientationPortrait UIInterfaceOrientationPortraitUpsideDown UIInterfaceOrientationLandscapeLeft UIInterfaceOrientationLandscapeRight";
				INFOPLIST_KEY_UISupportedInterfaceOrientations_iPhone = "UIInterfaceOrientationPortrait UIInterfaceOrientationLandscapeLeft UIInterfaceOrientationLandscapeRight";
				IPHONEOS_DEPLOYMENT_TARGET = 17;
				LD_RUNPATH_SEARCH_PATHS = (
					"$(inherited)",
					"@executable_path/Frameworks",
				);
				MARKETING_VERSION = 1.0;
				PRODUCT_BUNDLE_IDENTIFIER = com.tandyru.AIProfiles;
				PRODUCT_NAME = "$(TARGET_NAME)";
				SWIFT_EMIT_LOC_STRINGS = YES;
				SWIFT_VERSION = 5.0;
				TARGETED_DEVICE_FAMILY = "1,2";
			};
			name = Release;
		};
		645DAB242DBA792F004FE868 /* Debug */ = {
			isa = XCBuildConfiguration;
			buildSettings = {
				BUNDLE_LOADER = "$(TEST_HOST)";
				CODE_SIGN_STYLE = Automatic;
				CURRENT_PROJECT_VERSION = 1;
				DEVELOPMENT_TEAM = V7VHP43NQH;
				GENERATE_INFOPLIST_FILE = YES;
				IPHONEOS_DEPLOYMENT_TARGET = 18.2;
				MARKETING_VERSION = 1.0;
				PRODUCT_BUNDLE_IDENTIFIER = com.tandyru.AIProfilesTests;
				PRODUCT_NAME = "$(TARGET_NAME)";
				SWIFT_EMIT_LOC_STRINGS = NO;
				SWIFT_VERSION = 5.0;
				TARGETED_DEVICE_FAMILY = "1,2";
				TEST_HOST = "$(BUILT_PRODUCTS_DIR)/AIProfiles.app/$(BUNDLE_EXECUTABLE_FOLDER_PATH)/AIProfiles";
			};
			name = Debug;
		};
		645DAB252DBA792F004FE868 /* Release */ = {
			isa = XCBuildConfiguration;
			buildSettings = {
				BUNDLE_LOADER = "$(TEST_HOST)";
				CODE_SIGN_STYLE = Automatic;
				CURRENT_PROJECT_VERSION = 1;
				DEVELOPMENT_TEAM = V7VHP43NQH;
				GENERATE_INFOPLIST_FILE = YES;
				IPHONEOS_DEPLOYMENT_TARGET = 18.2;
				MARKETING_VERSION = 1.0;
				PRODUCT_BUNDLE_IDENTIFIER = com.tandyru.AIProfilesTests;
				PRODUCT_NAME = "$(TARGET_NAME)";
				SWIFT_EMIT_LOC_STRINGS = NO;
				SWIFT_VERSION = 5.0;
				TARGETED_DEVICE_FAMILY = "1,2";
				TEST_HOST = "$(BUILT_PRODUCTS_DIR)/AIProfiles.app/$(BUNDLE_EXECUTABLE_FOLDER_PATH)/AIProfiles";
			};
			name = Release;
		};
		645DAB272DBA792F004FE868 /* Debug */ = {
			isa = XCBuildConfiguration;
			buildSettings = {
				CODE_SIGN_STYLE = Automatic;
				CURRENT_PROJECT_VERSION = 1;
				DEVELOPMENT_TEAM = V7VHP43NQH;
				GENERATE_INFOPLIST_FILE = YES;
				MARKETING_VERSION = 1.0;
				PRODUCT_BUNDLE_IDENTIFIER = com.tandyru.AIProfilesUITests;
				PRODUCT_NAME = "$(TARGET_NAME)";
				SWIFT_EMIT_LOC_STRINGS = NO;
				SWIFT_VERSION = 5.0;
				TARGETED_DEVICE_FAMILY = "1,2";
				TEST_TARGET_NAME = AIProfiles;
			};
			name = Debug;
		};
		645DAB282DBA792F004FE868 /* Release */ = {
			isa = XCBuildConfiguration;
			buildSettings = {
				CODE_SIGN_STYLE = Automatic;
				CURRENT_PROJECT_VERSION = 1;
				DEVELOPMENT_TEAM = V7VHP43NQH;
				GENERATE_INFOPLIST_FILE = YES;
				MARKETING_VERSION = 1.0;
				PRODUCT_BUNDLE_IDENTIFIER = com.tandyru.AIProfilesUITests;
				PRODUCT_NAME = "$(TARGET_NAME)";
				SWIFT_EMIT_LOC_STRINGS = NO;
				SWIFT_VERSION = 5.0;
				TARGETED_DEVICE_FAMILY = "1,2";
				TEST_TARGET_NAME = AIProfiles;
			};
			name = Release;
		};
/* End XCBuildConfiguration section */

/* Begin XCConfigurationList section */
		645DAAF22DBA792C004FE868 /* Build configuration list for PBXProject "AIProfiles" */ = {
			isa = XCConfigurationList;
			buildConfigurations = (
				645DAB1E2DBA792F004FE868 /* Debug */,
				645DAB1F2DBA792F004FE868 /* Release */,
			);
			defaultConfigurationIsVisible = 0;
			defaultConfigurationName = Release;
		};
		645DAB202DBA792F004FE868 /* Build configuration list for PBXNativeTarget "AIProfiles" */ = {
			isa = XCConfigurationList;
			buildConfigurations = (
				645DAB212DBA792F004FE868 /* Debug */,
				645DAB222DBA792F004FE868 /* Release */,
			);
			defaultConfigurationIsVisible = 0;
			defaultConfigurationName = Release;
		};
		645DAB232DBA792F004FE868 /* Build configuration list for PBXNativeTarget "AIProfilesTests" */ = {
			isa = XCConfigurationList;
			buildConfigurations = (
				645DAB242DBA792F004FE868 /* Debug */,
				645DAB252DBA792F004FE868 /* Release */,
			);
			defaultConfigurationIsVisible = 0;
			defaultConfigurationName = Release;
		};
		645DAB262DBA792F004FE868 /* Build configuration list for PBXNativeTarget "AIProfilesUITests" */ = {
			isa = XCConfigurationList;
			buildConfigurations = (
				645DAB272DBA792F004FE868 /* Debug */,
				645DAB282DBA792F004FE868 /* Release */,
			);
			defaultConfigurationIsVisible = 0;
			defaultConfigurationName = Release;
		};
/* End XCConfigurationList section */

/* Begin XCLocalSwiftPackageReference section */
		641A3F752DD25CBC00E5FF57 /* XCLocalSwiftPackageReference "CoreProfile" */ = {
			isa = XCLocalSwiftPackageReference;
			relativePath = CoreProfile;
		};
		641A3F792DD2799700E5FF57 /* XCLocalSwiftPackageReference "CoreLLM" */ = {
			isa = XCLocalSwiftPackageReference;
			relativePath = CoreLLM;
		};
		641A3F7E2DD282A400E5FF57 /* XCLocalSwiftPackageReference "CoreProfileStorage" */ = {
			isa = XCLocalSwiftPackageReference;
			relativePath = CoreProfileStorage;
		};
		641A3F832DD2891D00E5FF57 /* XCLocalSwiftPackageReference "FeatureChat" */ = {
			isa = XCLocalSwiftPackageReference;
			relativePath = FeatureChat;
		};
		641A3F882DD318C500E5FF57 /* XCLocalSwiftPackageReference "CoreProfiles" */ = {
			isa = XCLocalSwiftPackageReference;
			relativePath = CoreProfiles;
		};
		641A3F8B2DD318D000E5FF57 /* XCLocalSwiftPackageReference "FeatureProfileSetup" */ = {
			isa = XCLocalSwiftPackageReference;
			relativePath = FeatureProfileSetup;
		};
		641A3FA02DD3B3DD00E5FF57 /* XCLocalSwiftPackageReference "FeatureProfileList" */ = {
			isa = XCLocalSwiftPackageReference;
			relativePath = FeatureProfileList;
		};
/* End XCLocalSwiftPackageReference section */

/* Begin XCSwiftPackageProductDependency section */
		641A3F762DD25CBC00E5FF57 /* CoreProfile */ = {
			isa = XCSwiftPackageProductDependency;
			productName = CoreProfile;
		};
		641A3F7A2DD2799700E5FF57 /* CoreLLM */ = {
			isa = XCSwiftPackageProductDependency;
			productName = CoreLLM;
		};
		641A3F7F2DD282A400E5FF57 /* CoreProfileStorage */ = {
			isa = XCSwiftPackageProductDependency;
			productName = CoreProfileStorage;
		};
		641A3F842DD2891D00E5FF57 /* FeatureChat */ = {
			isa = XCSwiftPackageProductDependency;
			productName = FeatureChat;
		};
		641A3F892DD318C500E5FF57 /* CoreProfiles */ = {
			isa = XCSwiftPackageProductDependency;
			productName = CoreProfiles;
		};
		641A3F8C2DD318D000E5FF57 /* FeatureProfileSetup */ = {
			isa = XCSwiftPackageProductDependency;
			productName = FeatureProfileSetup;
		};
		641A3FA12DD3B3DD00E5FF57 /* FeatureProfileList */ = {
			isa = XCSwiftPackageProductDependency;
			productName = FeatureProfileList;
		};
/* End XCSwiftPackageProductDependency section */
	};
	rootObject = 645DAAEF2DBA792C004FE868 /* Project object */;
}
